
Microsoft Visual Studio Solution File, Format Version 12.00
# Visual Studio 2012
Project("{D954291E-2A0B-460D-934E-DC6B0785DB48}") = "Bounce", "Bounce\Bounce.shproj", "{E190371A-EFB4-4FF4-B677-D95F119F5F79}"
EndProject
Project("{FAE04EC0-301F-11D3-BF4B-00C04F79EFBC}") = "Bounce.iOS", "iOS\Bounce.iOS.csproj", "{3965194C-3B2B-4E3A-869B-BE3B2AF033AC}"
EndProject
Project("{FAE04EC0-301F-11D3-BF4B-00C04F79EFBC}") = "Bounce.Droid", "Droid\Bounce.Droid.csproj", "{306ED29B-0271-45DA-9ABE-D47AF8B8D33E}"
EndProject
Global
	GlobalSection(SolutionConfigurationPlatforms) = preSolution
		Debug|iPhoneSimulator = Debug|iPhoneSimulator
		Release|iPhone = Release|iPhone
		Release|iPhoneSimulator = Release|iPhoneSimulator
		Debug|iPhone = Debug|iPhone
		Debug|Any CPU = Debug|Any CPU
		Release|Any CPU = Release|Any CPU
		Debug|iOS = Debug|iOS
		Debug|Android = Debug|Android
		Release|iOS = Release|iOS
		Release|Android = Release|Android
	EndGlobalSection
	GlobalSection(ProjectConfigurationPlatforms) = postSolution
		{3965194C-3B2B-4E3A-869B-BE3B2AF033AC}.Debug|iOS.ActiveCfg = Debug|iPhoneSimulator
		{3965194C-3B2B-4E3A-869B-BE3B2AF033AC}.Debug|iOS.Build.0 = Debug|iPhoneSimulator
		{3965194C-3B2B-4E3A-869B-BE3B2AF033AC}.Debug|Android.ActiveCfg = Debug|iPhoneSimulator
		{3965194C-3B2B-4E3A-869B-BE3B2AF033AC}.Release|iOS.ActiveCfg = Release|iPhone
		{3965194C-3B2B-4E3A-869B-BE3B2AF033AC}.Release|iOS.Build.0 = Release|iPhone
		{3965194C-3B2B-4E3A-869B-BE3B2AF033AC}.Release|Android.ActiveCfg = Release|iPhone
		{306ED29B-0271-45DA-9ABE-D47AF8B8D33E}.Debug|iOS.ActiveCfg = Debug|Any CPU
		{306ED29B-0271-45DA-9ABE-D47AF8B8D33E}.Debug|Android.ActiveCfg = Debug|Any CPU
		{306ED29B-0271-45DA-9ABE-D47AF8B8D33E}.Debug|Android.Build.0 = Debug|Any CPU
		{306ED29B-0271-45DA-9ABE-D47AF8B8D33E}.Release|iOS.ActiveCfg = Release|Any CPU
		{306ED29B-0271-45DA-9ABE-D47AF8B8D33E}.Release|Android.ActiveCfg = Release|Any CPU
		{306ED29B-0271-45DA-9ABE-D47AF8B8D33E}.Release|Android.Build.0 = Release|Any CPU
	EndGlobalSection
EndGlobal
